PODS:
  - Flutter (1.0.0)
  - image_picker (0.0.1):
    - Flutter
  - TensorFlowLiteC (2.6.0):
    - TensorFlowLiteC/Core (= 2.6.0)
  - TensorFlowLiteC/Core (2.6.0)
  - tflite (1.1.2):
    - Flutter
    - TensorFlowLiteC

DEPENDENCIES:
  - Flutter (from `Flutter`)
  - image_picker (from `.symlinks/plugins/image_picker/ios`)
  - tflite (from `.symlinks/plugins/tflite/ios`)

SPEC REPOS:
  trunk:
    - TensorFlowLiteC

EXTERNAL SOURCES:
  Flutter:
    :path: Flutter
  image_picker:
    :path: ".symlinks/plugins/image_picker/ios"
  tflite:
    :path: ".symlinks/plugins/tflite/ios"

SPEC CHECKSUMS:
  Flutter: 50d75fe2f02b26cc09d224853bb45737f8b3214a
  image_picker: 9c3312491f862b28d21ecd8fdf0ee14e601b3f09
  TensorFlowLiteC: 869f93708210ed939fc40f40c772a120b7f964d1
  tflite: 7acd11db0915e2d90ab90474413068568eb605f0

PODFILE CHECKSUM: aafe91acc616949ddb318b77800a7f51bffa2a4c

COCOAPODS: 1.11.2
